# Written by 'cc-guides render' — do not edit.
schema = 1
version = "0.1.43"
artifacts = [".claude/settings.json", ".gitignore", ".mcp.json", ".pre-commit-config.yaml", "AGENTS.md", "CLAUDE.md", "plugins/codex/scripts/install-binary.sh", "plugins/slop-cop/scripts/install-binary.sh"]

[sources.cc-skills]
spec = "github:yasyf/cc-skills@main"
commit = "26ebee884b1bd5c57076bdf30c872910de9f93cb"
