# Written by 'cc-guides render' — do not edit.
schema = 1
version = "0.1.49"
artifacts = [".claude/settings.json", ".gitignore", ".mcp.json", ".pre-commit-config.yaml", "AGENTS.md", "CLAUDE.md", "plugins/codex/scripts/install-binary.sh", "plugins/codex/scripts/render-descriptor.sh", "plugins/slop-cop/scripts/install-binary.sh", "plugins/slop-cop/scripts/render-descriptor.sh"]

[sources.cc-skills]
spec = "github:yasyf/cc-skills@main"
commit = "b15e3a9aea97e69b5c12c55e2ed8652e6b8dd406"
