# Written by 'cc-guides render' — do not edit.
schema = 1
version = "0.1.50"
artifacts = [".claude/settings.json", ".gitignore", ".mcp.json", ".pre-commit-config.yaml", "AGENTS.md", "CLAUDE.md", "plugins/codex/scripts/install-binary.sh", "plugins/codex/scripts/render-descriptor.sh", "plugins/slop-cop/scripts/install-binary.sh", "plugins/slop-cop/scripts/render-descriptor.sh"]

[sources.cc-skills]
spec = "github:yasyf/cc-skills@main"
commit = "b57d62cdfd4a62a0f6e3069ba3b37e6302c1a997"
